
Microsoft Visual Studio Solution File, Format Version 12.00
# Visual Studio Version 17
VisualStudioVersion = 17.6.33801.468
MinimumVisualStudioVersion = 10.0.40219.1
Project("{9A19103F-16F7-4668-BE54-9A1E7A4F7556}") = "PracticalEighteen.API", "PracticalEighteen\PracticalEighteen.API.csproj", "{748B52A7-C3A7-4F7A-82A4-ABA919DC90A8}"
EndProject
Project("{9A19103F-16F7-4668-BE54-9A1E7A4F7556}") = "PracticalEighteen.Domain", "PracticalEighteen.Domain\PracticalEighteen.Domain.csproj", "{58C13B30-E461-4A40-A0DE-1C58E3A0FBC9}"
EndProject
Project("{9A19103F-16F7-4668-BE54-9A1E7A4F7556}") = "PracticalEighteen.Data", "PracticalEighteen.Data\PracticalEighteen.Data.csproj", "{2283EE8E-7A8D-422D-B3D2-887382426EFF}"
EndProject
Project("{9A19103F-16F7-4668-BE54-9A1E7A4F7556}") = "PracticalEighteen.MVC", "PracticalEighteen.MVC\PracticalEighteen.MVC.csproj", "{0B283831-F853-401B-829D-FAC6200FF8FF}"
EndProject
Global
	GlobalSection(SolutionConfigurationPlatforms) = preSolution
		Debug|Any CPU = Debug|Any CPU
		Release|Any CPU = Release|Any CPU
	EndGlobalSection
	GlobalSection(ProjectConfigurationPlatforms) = postSolution
		{748B52A7-C3A7-4F7A-82A4-ABA919DC90A8}.Debug|Any CPU.ActiveCfg = Debug|Any CPU
		{748B52A7-C3A7-4F7A-82A4-ABA919DC90A8}.Debug|Any CPU.Build.0 = Debug|Any CPU
		{748B52A7-C3A7-4F7A-82A4-ABA919DC90A8}.Release|Any CPU.ActiveCfg = Release|Any CPU
		{748B52A7-C3A7-4F7A-82A4-ABA919DC90A8}.Release|Any CPU.Build.0 = Release|Any CPU
		{58C13B30-E461-4A40-A0DE-1C58E3A0FBC9}.Debug|Any CPU.ActiveCfg = Debug|Any CPU
		{58C13B30-E461-4A40-A0DE-1C58E3A0FBC9}.Debug|Any CPU.Build.0 = Debug|Any CPU
		{58C13B30-E461-4A40-A0DE-1C58E3A0FBC9}.Release|Any CPU.ActiveCfg = Release|Any CPU
		{58C13B30-E461-4A40-A0DE-1C58E3A0FBC9}.Release|Any CPU.Build.0 = Release|Any CPU
		{2283EE8E-7A8D-422D-B3D2-887382426EFF}.Debug|Any CPU.ActiveCfg = Debug|Any CPU
		{2283EE8E-7A8D-422D-B3D2-887382426EFF}.Debug|Any CPU.Build.0 = Debug|Any CPU
		{2283EE8E-7A8D-422D-B3D2-887382426EFF}.Release|Any CPU.ActiveCfg = Release|Any CPU
		{2283EE8E-7A8D-422D-B3D2-887382426EFF}.Release|Any CPU.Build.0 = Release|Any CPU
		{0B283831-F853-401B-829D-FAC6200FF8FF}.Debug|Any CPU.ActiveCfg = Debug|Any CPU
		{0B283831-F853-401B-829D-FAC6200FF8FF}.Debug|Any CPU.Build.0 = Debug|Any CPU
		{0B283831-F853-401B-829D-FAC6200FF8FF}.Release|Any CPU.ActiveCfg = Release|Any CPU
		{0B283831-F853-401B-829D-FAC6200FF8FF}.Release|Any CPU.Build.0 = Release|Any CPU
	EndGlobalSection
	GlobalSection(SolutionProperties) = preSolution
		HideSolutionNode = FALSE
	EndGlobalSection
	GlobalSection(ExtensibilityGlobals) = postSolution
		SolutionGuid = {0FF6EF00-319D-4527-B40C-D4995C7A9A31}
	EndGlobalSection
EndGlobal
