
Microsoft Visual Studio Solution File, Format Version 12.00
# Visual Studio Version 17
VisualStudioVersion = 17.6.33801.468
MinimumVisualStudioVersion = 10.0.40219.1
Project("{FAE04EC0-301F-11D3-BF4B-00C04F79EFBC}") = "PracticalEighteen", "PracticalEighteen\PracticalEighteen.csproj", "{748B52A7-C3A7-4F7A-82A4-ABA919DC90A8}"
EndProject
Global
	GlobalSection(SolutionConfigurationPlatforms) = preSolution
		Debug|Any CPU = Debug|Any CPU
		Release|Any CPU = Release|Any CPU
	EndGlobalSection
	GlobalSection(ProjectConfigurationPlatforms) = postSolution
		{748B52A7-C3A7-4F7A-82A4-ABA919DC90A8}.Debug|Any CPU.ActiveCfg = Debug|Any CPU
		{748B52A7-C3A7-4F7A-82A4-ABA919DC90A8}.Debug|Any CPU.Build.0 = Debug|Any CPU
		{748B52A7-C3A7-4F7A-82A4-ABA919DC90A8}.Release|Any CPU.ActiveCfg = Release|Any CPU
		{748B52A7-C3A7-4F7A-82A4-ABA919DC90A8}.Release|Any CPU.Build.0 = Release|Any CPU
	EndGlobalSection
	GlobalSection(SolutionProperties) = preSolution
		HideSolutionNode = FALSE
	EndGlobalSection
	GlobalSection(ExtensibilityGlobals) = postSolution
		SolutionGuid = {0FF6EF00-319D-4527-B40C-D4995C7A9A31}
	EndGlobalSection
EndGlobal
